{
  "name": "fff.nvim",
  "lockfileVersion": 3,
  "requires": true,
  "packages": {
    "": {
      "workspaces": [
        "packages/fff-bun",
        "packages/fff-node"
      ],
      "devDependencies": {
        "@biomejs/biome": "^2.4.4"
      }
    },
    "node_modules/@biomejs/biome": {
      "version": "2.4.7",
      "resolved": "https://registry.npmjs.org/@biomejs/biome/-/biome-2.4.7.tgz",
      "integrity": "sha512-vXrgcmNGZ4lpdwZSpMf1hWw1aWS6B+SyeSYKTLrNsiUsAdSRN0J4d/7mF3ogJFbIwFFSOL3wT92Zzxia/d5/ng==",
      "dev": true,
      "license": "MIT OR Apache-2.0",
      "bin": {
        "biome": "bin/biome"
      },
      "engines": {
        "node": ">=14.21.3"
      },
      "funding": {
        "type": "opencollective",
        "url": "https://opencollective.com/biome"
      },
      "optionalDependencies": {
        "@biomejs/cli-darwin-arm64": "2.4.7",
        "@biomejs/cli-darwin-x64": "2.4.7",
        "@biomejs/cli-linux-arm64": "2.4.7",
        "@biomejs/cli-linux-arm64-musl": "2.4.7",
        "@biomejs/cli-linux-x64": "2.4.7",
        "@biomejs/cli-linux-x64-musl": "2.4.7",
        "@biomejs/cli-win32-arm64": "2.4.7",
        "@biomejs/cli-win32-x64": "2.4.7"
      }
    },
    "node_modules/@biomejs/cli-darwin-arm64": {
      "version": "2.4.7",
      "resolved": "https://registry.npmjs.org/@biomejs/cli-darwin-arm64/-/cli-darwin-arm64-2.4.7.tgz",
      "integrity": "sha512-Oo0cF5mHzmvDmTXw8XSjhCia8K6YrZnk7aCS54+/HxyMdZMruMO3nfpDsrlar/EQWe41r1qrwKiCa2QDYHDzWA==",
      "cpu": [
        "arm64"
      ],
      "dev": true,
      "license": "MIT OR Apache-2.0",
      "optional": true,
      "os": [
        "darwin"
      ],
      "engines": {
        "node": ">=14.21.3"
      }
    },
    "node_modules/@biomejs/cli-darwin-x64": {
      "version": "2.4.7",
      "resolved": "https://registry.npmjs.org/@biomejs/cli-darwin-x64/-/cli-darwin-x64-2.4.7.tgz",
      "integrity": "sha512-I+cOG3sd/7HdFtvDSnF9QQPrWguUH7zrkIMMykM3PtfWU9soTcS2yRb9Myq6MHmzbeCT08D1UmY+BaiMl5CcoQ==",
      "cpu": [
        "x64"
      ],
      "dev": true,
      "license": "MIT OR Apache-2.0",
      "optional": true,
      "os": [
        "darwin"
      ],
      "engines": {
        "node": ">=14.21.3"
      }
    },
    "node_modules/@biomejs/cli-linux-arm64": {
      "version": "2.4.7",
      "resolved": "https://registry.npmjs.org/@biomejs/cli-linux-arm64/-/cli-linux-arm64-2.4.7.tgz",
      "integrity": "sha512-om6FugwmibzfP/6ALj5WRDVSND4H2G9X0nkI1HZpp2ySf9lW2j0X68oQSaHEnls6666oy4KDsc5RFjT4m0kV0w==",
      "cpu": [
        "arm64"
      ],
      "dev": true,
      "license": "MIT OR Apache-2.0",
      "optional": true,
      "os": [
        "linux"
      ],
      "engines": {
        "node": ">=14.21.3"
      }
    },
    "node_modules/@biomejs/cli-linux-arm64-musl": {
      "version": "2.4.7",
      "resolved": "https://registry.npmjs.org/@biomejs/cli-linux-arm64-musl/-/cli-linux-arm64-musl-2.4.7.tgz",
      "integrity": "sha512-I2NvM9KPb09jWml93O2/5WMfNR7Lee5Latag1JThDRMURVhPX74p9UDnyTw3Ae6cE1DgXfw7sqQgX7rkvpc0vw==",
      "cpu": [
        "arm64"
      ],
      "dev": true,
      "license": "MIT OR Apache-2.0",
      "optional": true,
      "os": [
        "linux"
      ],
      "engines": {
        "node": ">=14.21.3"
      }
    },
    "node_modules/@biomejs/cli-linux-x64": {
      "version": "2.4.7",
      "resolved": "https://registry.npmjs.org/@biomejs/cli-linux-x64/-/cli-linux-x64-2.4.7.tgz",
      "integrity": "sha512-bV8/uo2Tj+gumnk4sUdkerWyCPRabaZdv88IpbmDWARQQoA/Q0YaqPz1a+LSEDIL7OfrnPi9Hq1Llz4ZIGyIQQ==",
      "cpu": [
        "x64"
      ],
      "dev": true,
      "license": "MIT OR Apache-2.0",
      "optional": true,
      "os": [
        "linux"
      ],
      "engines": {
        "node": ">=14.21.3"
      }
    },
    "node_modules/@biomejs/cli-linux-x64-musl": {
      "version": "2.4.7",
      "resolved": "https://registry.npmjs.org/@biomejs/cli-linux-x64-musl/-/cli-linux-x64-musl-2.4.7.tgz",
      "integrity": "sha512-00kx4YrBMU8374zd2wHuRV5wseh0rom5HqRND+vDldJPrWwQw+mzd/d8byI9hPx926CG+vWzq6AeiT7Yi5y59g==",
      "cpu": [
        "x64"
      ],
      "dev": true,
      "license": "MIT OR Apache-2.0",
      "optional": true,
      "os": [
        "linux"
      ],
      "engines": {
        "node": ">=14.21.3"
      }
    },
    "node_modules/@biomejs/cli-win32-arm64": {
      "version": "2.4.7",
      "resolved": "https://registry.npmjs.org/@biomejs/cli-win32-arm64/-/cli-win32-arm64-2.4.7.tgz",
      "integrity": "sha512-hOUHBMlFCvDhu3WCq6vaBoG0dp0LkWxSEnEEsxxXvOa9TfT6ZBnbh72A/xBM7CBYB7WgwqboetzFEVDnMxelyw==",
      "cpu": [
        "arm64"
      ],
      "dev": true,
      "license": "MIT OR Apache-2.0",
      "optional": true,
      "os": [
        "win32"
      ],
      "engines": {
        "node": ">=14.21.3"
      }
    },
    "node_modules/@biomejs/cli-win32-x64": {
      "version": "2.4.7",
      "resolved": "https://registry.npmjs.org/@biomejs/cli-win32-x64/-/cli-win32-x64-2.4.7.tgz",
      "integrity": "sha512-qEpGjSkPC3qX4ycbMUthXvi9CkRq7kZpkqMY1OyhmYlYLnANnooDQ7hDerM8+0NJ+DZKVnsIc07h30XOpt7LtQ==",
      "cpu": [
        "x64"
      ],
      "dev": true,
      "license": "MIT OR Apache-2.0",
      "optional": true,
      "os": [
        "win32"
      ],
      "engines": {
        "node": ">=14.21.3"
      }
    },
    "node_modules/@ff-labs/fff-bun": {
      "resolved": "packages/fff-bun",
      "link": true
    },
    "node_modules/@ff-labs/fff-node": {
      "resolved": "packages/fff-node",
      "link": true
    },
    "node_modules/@oven/bun-darwin-aarch64": {
      "version": "1.3.10",
      "resolved": "https://registry.npmjs.org/@oven/bun-darwin-aarch64/-/bun-darwin-aarch64-1.3.10.tgz",
      "integrity": "sha512-PXgg5gqcS/rHwa1hF0JdM1y5TiyejVrMHoBmWY/DjtfYZoFTXie1RCFOkoG0b5diOOmUcuYarMpH7CSNTqwj+w==",
      "cpu": [
        "arm64"
      ],
      "license": "MIT",
      "optional": true,
      "os": [
        "darwin"
      ],
      "peer": true
    },
    "node_modules/@oven/bun-darwin-x64": {
      "version": "1.3.10",
      "resolved": "https://registry.npmjs.org/@oven/bun-darwin-x64/-/bun-darwin-x64-1.3.10.tgz",
      "integrity": "sha512-Nhssuh7GBpP5PiDSOl3+qnoIG7PJo+ec2oomDevnl9pRY6x6aD2gRt0JE+uf+A8Om2D6gjeHCxjEdrw5ZHE8mA==",
      "cpu": [
        "x64"
      ],
      "license": "MIT",
      "optional": true,
      "os": [
        "darwin"
      ],
      "peer": true
    },
    "node_modules/@oven/bun-darwin-x64-baseline": {
      "version": "1.3.10",
      "resolved": "https://registry.npmjs.org/@oven/bun-darwin-x64-baseline/-/bun-darwin-x64-baseline-1.3.10.tgz",
      "integrity": "sha512-w1gaTlqU0IJCmJ1X+PGHkdNU1n8Gemx5YKkjhkJIguvFINXEBB5U1KG82QsT65Tk4KyNMfbLTlmy4giAvUoKfA==",
      "cpu": [
        "x64"
      ],
      "license": "MIT",
      "optional": true,
      "os": [
        "darwin"
      ],
      "peer": true
    },
    "node_modules/@oven/bun-linux-aarch64": {
      "version": "1.3.10",
      "resolved": "https://registry.npmjs.org/@oven/bun-linux-aarch64/-/bun-linux-aarch64-1.3.10.tgz",
      "integrity": "sha512-OUgPHfL6+PM2Q+tFZjcaycN3D7gdQdYlWnwMI31DXZKY1r4HINWk9aEz9t/rNaHg65edwNrt7dsv9TF7xK8xIA==",
      "cpu": [
        "arm64"
      ],
      "license": "MIT",
      "optional": true,
      "os": [
        "linux"
      ],
      "peer": true
    },
    "node_modules/@oven/bun-linux-aarch64-musl": {
      "version": "1.3.10",
      "resolved": "https://registry.npmjs.org/@oven/bun-linux-aarch64-musl/-/bun-linux-aarch64-musl-1.3.10.tgz",
      "integrity": "sha512-Ui5pAgM7JE9MzHokF0VglRMkbak3lTisY4Mf1AZutPACXWgKJC5aGrgnHBfkl7QS6fEeYb0juy1q4eRznRHOsw==",
      "cpu": [
        "arm64"
      ],
      "license": "MIT",
      "optional": true,
      "os": [
        "linux"
      ],
      "peer": true
    },
    "node_modules/@oven/bun-linux-x64": {
      "version": "1.3.10",
      "resolved": "https://registry.npmjs.org/@oven/bun-linux-x64/-/bun-linux-x64-1.3.10.tgz",
      "integrity": "sha512-bzUgYj/PIZziB/ZesIP9HUyfvh6Vlf3od+TrbTTyVEuCSMKzDPQVW/yEbRp0tcHO3alwiEXwJDrWrHAguXlgiQ==",
      "cpu": [
        "x64"
      ],
      "license": "MIT",
      "optional": true,
      "os": [
        "linux"
      ],
      "peer": true
    },
    "node_modules/@oven/bun-linux-x64-baseline": {
      "version": "1.3.10",
      "resolved": "https://registry.npmjs.org/@oven/bun-linux-x64-baseline/-/bun-linux-x64-baseline-1.3.10.tgz",
      "integrity": "sha512-oqvMDYpX6dGJO03HgO5bXuccEsH3qbdO3MaAiAlO4CfkBPLUXz3N0DDElg5hz0L6ktdDVKbQVE5lfe+LAUISQg==",
      "cpu": [
        "x64"
      ],
      "license": "MIT",
      "optional": true,
      "os": [
        "linux"
      ],
      "peer": true
    },
    "node_modules/@oven/bun-linux-x64-musl": {
      "version": "1.3.10",
      "resolved": "https://registry.npmjs.org/@oven/bun-linux-x64-musl/-/bun-linux-x64-musl-1.3.10.tgz",
      "integrity": "sha512-poVXvOShekbexHq45b4MH/mRjQKwACAC8lHp3Tz/hEDuz0/20oncqScnmKwzhBPEpqJvydXficXfBYuSim8opw==",
      "cpu": [
        "x64"
      ],
      "license": "MIT",
      "optional": true,
      "os": [
        "linux"
      ],
      "peer": true
    },
    "node_modules/@oven/bun-linux-x64-musl-baseline": {
      "version": "1.3.10",
      "resolved": "https://registry.npmjs.org/@oven/bun-linux-x64-musl-baseline/-/bun-linux-x64-musl-baseline-1.3.10.tgz",
      "integrity": "sha512-/hOZ6S1VsTX6vtbhWVL9aAnOrdpuO54mAGUWpTdMz7dFG5UBZ/VUEiK0pBkq9A1rlBk0GeD/6Y4NBFl8Ha7cRA==",
      "cpu": [
        "x64"
      ],
      "license": "MIT",
      "optional": true,
      "os": [
        "linux"
      ],
      "peer": true
    },
    "node_modules/@oven/bun-windows-aarch64": {
      "version": "1.3.10",
      "resolved": "https://registry.npmjs.org/@oven/bun-windows-aarch64/-/bun-windows-aarch64-1.3.10.tgz",
      "integrity": "sha512-GXbz2swvN2DLw2dXZFeedMxSJtI64xQ9xp9Eg7Hjejg6mS2E4dP1xoQ2yAo2aZPi/2OBPAVaGzppI2q20XumHA==",
      "cpu": [
        "arm64"
      ],
      "license": "MIT",
      "optional": true,
      "os": [
        "win32"
      ],
      "peer": true
    },
    "node_modules/@oven/bun-windows-x64": {
      "version": "1.3.10",
      "resolved": "https://registry.npmjs.org/@oven/bun-windows-x64/-/bun-windows-x64-1.3.10.tgz",
      "integrity": "sha512-qaS1In3yfC/Z/IGQriVmF8GWwKuNqiw7feTSJWaQhH5IbL6ENR+4wGNPniZSJFaM/SKUO0e/YCRdoVBvgU4C1g==",
      "cpu": [
        "x64"
      ],
      "license": "MIT",
      "optional": true,
      "os": [
        "win32"
      ],
      "peer": true
    },
    "node_modules/@oven/bun-windows-x64-baseline": {
      "version": "1.3.10",
      "resolved": "https://registry.npmjs.org/@oven/bun-windows-x64-baseline/-/bun-windows-x64-baseline-1.3.10.tgz",
      "integrity": "sha512-gh3UAHbUdDUG6fhLc1Csa4IGdtghue6U8oAIXWnUqawp6lwb3gOCRvp25IUnLF5vUHtgfMxuEUYV7YA2WxVutw==",
      "cpu": [
        "x64"
      ],
      "license": "MIT",
      "optional": true,
      "os": [
        "win32"
      ],
      "peer": true
    },
    "node_modules/@types/bun": {
      "version": "1.3.10",
      "resolved": "https://registry.npmjs.org/@types/bun/-/bun-1.3.10.tgz",
      "integrity": "sha512-0+rlrUrOrTSskibryHbvQkDOWRJwJZqZlxrUs1u4oOoTln8+WIXBPmAuCF35SWB2z4Zl3E84Nl/D0P7803nigQ==",
      "dev": true,
      "license": "MIT",
      "dependencies": {
        "bun-types": "1.3.10"
      }
    },
    "node_modules/@types/node": {
      "version": "22.19.15",
      "resolved": "https://registry.npmjs.org/@types/node/-/node-22.19.15.tgz",
      "integrity": "sha512-F0R/h2+dsy5wJAUe3tAU6oqa2qbWY5TpNfL/RGmo1y38hiyO1w3x2jPtt76wmuaJI4DQnOBu21cNXQ2STIUUWg==",
      "dev": true,
      "license": "MIT",
      "dependencies": {
        "undici-types": "~6.21.0"
      }
    },
    "node_modules/@yuuang/ffi-rs-android-arm64": {
      "version": "1.3.1",
      "resolved": "https://registry.npmjs.org/@yuuang/ffi-rs-android-arm64/-/ffi-rs-android-arm64-1.3.1.tgz",
      "integrity": "sha512-V4nmlXdOYZEa7GOxSExVG95SLp8FE0iTq2yKeN54UlfNMr3Sik+1Ff57LcCv7qYcn4TBqnBAt5rT3FAM6T6caQ==",
      "cpu": [
        "arm64"
      ],
      "license": "MIT",
      "optional": true,
      "os": [
        "android"
      ],
      "engines": {
        "node": ">= 12"
      }
    },
    "node_modules/@yuuang/ffi-rs-darwin-arm64": {
      "version": "1.3.1",
      "resolved": "https://registry.npmjs.org/@yuuang/ffi-rs-darwin-arm64/-/ffi-rs-darwin-arm64-1.3.1.tgz",
      "integrity": "sha512-YlnTMIyzfW3mAULC5ZA774nzQfFlYXM0rrfq/8ZzWt+IMbYk55a++jrI+6JeKV+1EqlDS3TFBEFtjdBNG94KzQ==",
      "cpu": [
        "arm64"
      ],
      "license": "MIT",
      "optional": true,
      "os": [
        "darwin"
      ],
      "engines": {
        "node": ">= 12"
      }
    },
    "node_modules/@yuuang/ffi-rs-darwin-x64": {
      "version": "1.3.1",
      "resolved": "https://registry.npmjs.org/@yuuang/ffi-rs-darwin-x64/-/ffi-rs-darwin-x64-1.3.1.tgz",
      "integrity": "sha512-sI3LpQQ34SX4nyOHc5yxA7FSqs9qPEUMqW/y/wWo9cuyPpaHMFsi/BeOVYsnC0syp3FrY7gzn6RnD6PlXCktXg==",
      "cpu": [
        "x64"
      ],
      "license": "MIT",
      "optional": true,
      "os": [
        "darwin"
      ],
      "engines": {
        "node": ">= 12"
      }
    },
    "node_modules/@yuuang/ffi-rs-linux-arm-gnueabihf": {
      "version": "1.3.1",
      "resolved": "https://registry.npmjs.org/@yuuang/ffi-rs-linux-arm-gnueabihf/-/ffi-rs-linux-arm-gnueabihf-1.3.1.tgz",
      "integrity": "sha512-1WkcGkJTlwh4ZA59htKI+RXhiL3oKiYwLv7PO8LUf6FuADK73s5GcXp67iakKu243uYu+qGYr4RHco4ySddYhQ==",
      "cpu": [
        "arm"
      ],
      "license": "MIT",
      "optional": true,
      "os": [
        "linux"
      ],
      "engines": {
        "node": ">= 12"
      }
    },
    "node_modules/@yuuang/ffi-rs-linux-arm64-gnu": {
      "version": "1.3.1",
      "resolved": "https://registry.npmjs.org/@yuuang/ffi-rs-linux-arm64-gnu/-/ffi-rs-linux-arm64-gnu-1.3.1.tgz",
      "integrity": "sha512-J2PwqviycZxaEVA0Bwv38LqGDGSB9A1DPN4iYginYJZSvTvKW8kh7Tis0HbZrX1YDKnY8hi3lt0N0tCTNPDH5Q==",
      "cpu": [
        "arm64"
      ],
      "license": "MIT",
      "optional": true,
      "os": [
        "linux"
      ],
      "engines": {
        "node": ">= 12"
      }
    },
    "node_modules/@yuuang/ffi-rs-linux-arm64-musl": {
      "version": "1.3.1",
      "resolved": "https://registry.npmjs.org/@yuuang/ffi-rs-linux-arm64-musl/-/ffi-rs-linux-arm64-musl-1.3.1.tgz",
      "integrity": "sha512-Hn1W1hBPssTaqikU1Bqp1XUdDdOgbnYVIOtR++LVx66hhrtjf/xrIUQOhTm+NmOFDG16JUKXe1skfM4gpaqYwg==",
      "cpu": [
        "arm64"
      ],
      "license": "MIT",
      "optional": true,
      "os": [
        "linux"
      ],
      "engines": {
        "node": ">= 12"
      }
    },
    "node_modules/@yuuang/ffi-rs-linux-x64-gnu": {
      "version": "1.3.1",
      "resolved": "https://registry.npmjs.org/@yuuang/ffi-rs-linux-x64-gnu/-/ffi-rs-linux-x64-gnu-1.3.1.tgz",
      "integrity": "sha512-kW6e+oCYZPvpH2ppPsffA18e1aLowtmWTRjVlyHtY04g/nQDepQvDUkkcvInh9fW5jLna7PjHvktW1tVgYIj2A==",
      "cpu": [
        "x64"
      ],
      "license": "MIT",
      "optional": true,
      "os": [
        "linux"
      ],
      "engines": {
        "node": ">= 12"
      }
    },
    "node_modules/@yuuang/ffi-rs-linux-x64-musl": {
      "version": "1.3.1",
      "resolved": "https://registry.npmjs.org/@yuuang/ffi-rs-linux-x64-musl/-/ffi-rs-linux-x64-musl-1.3.1.tgz",
      "integrity": "sha512-HTwblAzruUS16nQPrez3ozvEHm1Xxh8J8w7rZYrpmAcNl1hzyOT8z/hY70M9Rt9fOqQ4Ovgor9qVy/U3ZJo0ZA==",
      "cpu": [
        "x64"
      ],
      "license": "MIT",
      "optional": true,
      "os": [
        "linux"
      ],
      "engines": {
        "node": ">= 12"
      }
    },
    "node_modules/@yuuang/ffi-rs-win32-arm64-msvc": {
      "version": "1.3.1",
      "resolved": "https://registry.npmjs.org/@yuuang/ffi-rs-win32-arm64-msvc/-/ffi-rs-win32-arm64-msvc-1.3.1.tgz",
      "integrity": "sha512-WeZkGl2BP1U4tRhEQH+FXLQS52N8obp74smK5AAGOfzPAT1pHkq6+dVkC1QCSIt7dHJs7SPtlnQw+5DkdZYlWA==",
      "cpu": [
        "arm64"
      ],
      "license": "MIT",
      "optional": true,
      "os": [
        "win32"
      ],
      "engines": {
        "node": ">= 12"
      }
    },
    "node_modules/@yuuang/ffi-rs-win32-ia32-msvc": {
      "version": "1.3.1",
      "resolved": "https://registry.npmjs.org/@yuuang/ffi-rs-win32-ia32-msvc/-/ffi-rs-win32-ia32-msvc-1.3.1.tgz",
      "integrity": "sha512-rNGgMeCH5mdeHiMiJgt7wWXovZ+FHEfXhU9p4zZBH4n8M1/QnEsRUwlapISPLpILSGpoYS6iBuq9/fUlZY8Mhg==",
      "cpu": [
        "x64",
        "ia32"
      ],
      "license": "MIT",
      "optional": true,
      "os": [
        "win32"
      ],
      "engines": {
        "node": ">= 12"
      }
    },
    "node_modules/@yuuang/ffi-rs-win32-x64-msvc": {
      "version": "1.3.1",
      "resolved": "https://registry.npmjs.org/@yuuang/ffi-rs-win32-x64-msvc/-/ffi-rs-win32-x64-msvc-1.3.1.tgz",
      "integrity": "sha512-dr2LcLD2CXo2a7BktlOpV68QhayqiI112KxIJC9tBgQO/Dkdg4CPsdqmvzzLhFo64iC5RLl2BT7M5lJImrfUWw==",
      "cpu": [
        "x64"
      ],
      "license": "MIT",
      "optional": true,
      "os": [
        "win32"
      ],
      "engines": {
        "node": ">= 12"
      }
    },
    "node_modules/bun": {
      "version": "1.3.10",
      "resolved": "https://registry.npmjs.org/bun/-/bun-1.3.10.tgz",
      "integrity": "sha512-S/CXaXXIyA4CMjdMkYQ4T2YMqnAn4s0ysD3mlsY4bUiOCqGlv28zck4Wd4H4kpvbekx15S9mUeLQ7Uxd0tYTLA==",
      "cpu": [
        "arm64",
        "x64"
      ],
      "hasInstallScript": true,
      "license": "MIT",
      "os": [
        "darwin",
        "linux",
        "win32"
      ],
      "peer": true,
      "bin": {
        "bun": "bin/bun.exe",
        "bunx": "bin/bunx.exe"
      },
      "optionalDependencies": {
        "@oven/bun-darwin-aarch64": "1.3.10",
        "@oven/bun-darwin-x64": "1.3.10",
        "@oven/bun-darwin-x64-baseline": "1.3.10",
        "@oven/bun-linux-aarch64": "1.3.10",
        "@oven/bun-linux-aarch64-musl": "1.3.10",
        "@oven/bun-linux-x64": "1.3.10",
        "@oven/bun-linux-x64-baseline": "1.3.10",
        "@oven/bun-linux-x64-musl": "1.3.10",
        "@oven/bun-linux-x64-musl-baseline": "1.3.10",
        "@oven/bun-windows-aarch64": "1.3.10",
        "@oven/bun-windows-x64": "1.3.10",
        "@oven/bun-windows-x64-baseline": "1.3.10"
      }
    },
    "node_modules/bun-types": {
      "version": "1.3.10",
      "resolved": "https://registry.npmjs.org/bun-types/-/bun-types-1.3.10.tgz",
      "integrity": "sha512-tcpfCCl6XWo6nCVnpcVrxQ+9AYN1iqMIzgrSKYMB/fjLtV2eyAVEg7AxQJuCq/26R6HpKWykQXuSOq/21RYcbg==",
      "dev": true,
      "license": "MIT",
      "dependencies": {
        "@types/node": "*"
      }
    },
    "node_modules/ffi-rs": {
      "version": "1.3.1",
      "resolved": "https://registry.npmjs.org/ffi-rs/-/ffi-rs-1.3.1.tgz",
      "integrity": "sha512-ZyNXL9fnclnZV+waQmWB9JrfbIEyxQa1OWtMrHOrAgcC04PgP5hBMG5TdhVN8N4uT/eul8zCFMVnJUukAFFlXA==",
      "license": "MIT",
      "optionalDependencies": {
        "@yuuang/ffi-rs-android-arm64": "1.3.1",
        "@yuuang/ffi-rs-darwin-arm64": "1.3.1",
        "@yuuang/ffi-rs-darwin-x64": "1.3.1",
        "@yuuang/ffi-rs-linux-arm-gnueabihf": "1.3.1",
        "@yuuang/ffi-rs-linux-arm64-gnu": "1.3.1",
        "@yuuang/ffi-rs-linux-arm64-musl": "1.3.1",
        "@yuuang/ffi-rs-linux-x64-gnu": "1.3.1",
        "@yuuang/ffi-rs-linux-x64-musl": "1.3.1",
        "@yuuang/ffi-rs-win32-arm64-msvc": "1.3.1",
        "@yuuang/ffi-rs-win32-ia32-msvc": "1.3.1",
        "@yuuang/ffi-rs-win32-x64-msvc": "1.3.1"
      }
    },
    "node_modules/typescript": {
      "version": "5.9.3",
      "resolved": "https://registry.npmjs.org/typescript/-/typescript-5.9.3.tgz",
      "integrity": "sha512-jl1vZzPDinLr9eUt3J/t7V6FgNEw9QjvBPdysz9KfQDD41fQrC2Y4vKQdiaUpFT4bXlb1RHhLpp8wtm6M5TgSw==",
      "dev": true,
      "license": "Apache-2.0",
      "bin": {
        "tsc": "bin/tsc",
        "tsserver": "bin/tsserver"
      },
      "engines": {
        "node": ">=14.17"
      }
    },
    "node_modules/undici-types": {
      "version": "6.21.0",
      "resolved": "https://registry.npmjs.org/undici-types/-/undici-types-6.21.0.tgz",
      "integrity": "sha512-iwDZqg0QAGrg9Rav5H4n0M64c3mkR59cJ6wQp+7C4nI0gsmExaedaYLNO44eT4AtBBwjbTiGPMlt2Md0T9H9JQ==",
      "dev": true,
      "license": "MIT"
    },
    "packages/fff-bun": {
      "name": "@ff-labs/fff-bun",
      "version": "0.1.37",
      "cpu": [
        "x64",
        "arm64"
      ],
      "license": "MIT",
      "os": [
        "darwin",
        "linux",
        "win32"
      ],
      "bin": {
        "fff-demo": "examples/search.ts",
        "fff-grep": "examples/grep.ts"
      },
      "devDependencies": {
        "@types/bun": "^1.3.8",
        "typescript": "^5.0.0"
      },
      "engines": {
        "bun": ">=1.0.0"
      },
      "optionalDependencies": {
        "@ff-labs/fff-bin-darwin-arm64": "0.0.0",
        "@ff-labs/fff-bin-darwin-x64": "0.0.0",
        "@ff-labs/fff-bin-linux-arm64-gnu": "0.0.0",
        "@ff-labs/fff-bin-linux-arm64-musl": "0.0.0",
        "@ff-labs/fff-bin-linux-x64-gnu": "0.0.0",
        "@ff-labs/fff-bin-linux-x64-musl": "0.0.0",
        "@ff-labs/fff-bin-win32-arm64": "0.0.0",
        "@ff-labs/fff-bin-win32-x64": "0.0.0"
      },
      "peerDependencies": {
        "bun": ">=1.0.0"
      }
    },
    "packages/fff-node": {
      "name": "@ff-labs/fff-node",
      "version": "0.1.37",
      "cpu": [
        "x64",
        "arm64"
      ],
      "license": "MIT",
      "os": [
        "darwin",
        "linux",
        "win32"
      ],
      "dependencies": {
        "ffi-rs": "^1.0.0"
      },
      "devDependencies": {
        "@types/node": "^22.0.0",
        "typescript": "^5.0.0"
      },
      "engines": {
        "node": ">=18.0.0"
      },
      "optionalDependencies": {
        "@ff-labs/fff-bin-darwin-arm64": "0.0.0",
        "@ff-labs/fff-bin-darwin-x64": "0.0.0",
        "@ff-labs/fff-bin-linux-arm64-gnu": "0.0.0",
        "@ff-labs/fff-bin-linux-arm64-musl": "0.0.0",
        "@ff-labs/fff-bin-linux-x64-gnu": "0.0.0",
        "@ff-labs/fff-bin-linux-x64-musl": "0.0.0",
        "@ff-labs/fff-bin-win32-arm64": "0.0.0",
        "@ff-labs/fff-bin-win32-x64": "0.0.0"
      }
    }
  }
}
